
Microsoft Visual Studio Solution File, Format Version 12.00
# Visual Studio Version 16
VisualStudioVersion = 16.0.29519.87
MinimumVisualStudioVersion = 10.0.40219.1
Project("{FAE04EC0-301F-11D3-BF4B-00C04F79EFBC}") = "MisPirmerasLetras", "MisPirmerasLetras\MisPirmerasLetras.csproj", "{8426FC4D-4F38-47C3-80E6-BB1D768C7624}"
EndProject
Global
	GlobalSection(SolutionConfigurationPlatforms) = preSolution
		Debug|Any CPU = Debug|Any CPU
		Release|Any CPU = Release|Any CPU
	EndGlobalSection
	GlobalSection(ProjectConfigurationPlatforms) = postSolution
		{8426FC4D-4F38-47C3-80E6-BB1D768C7624}.Debug|Any CPU.ActiveCfg = Debug|Any CPU
		{8426FC4D-4F38-47C3-80E6-BB1D768C7624}.Debug|Any CPU.Build.0 = Debug|Any CPU
		{8426FC4D-4F38-47C3-80E6-BB1D768C7624}.Release|Any CPU.ActiveCfg = Release|Any CPU
		{8426FC4D-4F38-47C3-80E6-BB1D768C7624}.Release|Any CPU.Build.0 = Release|Any CPU
	EndGlobalSection
	GlobalSection(SolutionProperties) = preSolution
		HideSolutionNode = FALSE
	EndGlobalSection
	GlobalSection(ExtensibilityGlobals) = postSolution
		SolutionGuid = {DBD671A8-1E0E-4D90-8993-101A610DD2C8}
	EndGlobalSection
EndGlobal
